// !$*UTF8*$!
{
	archiveVersion = 1;
	classes = {
	};
	objectVersion = 46;
	objects = {

/* Begin PBXBuildFile section */
		B1CD141319598CBC009C1AAB /* Foundation.framework in Frameworks */ = {isa = PBXBuildFile; fileRef = B1CD141219598CBC009C1AAB /* Foundation.framework */; };
		B1CD141519598CBC009C1AAB /* CoreGraphics.framework in Frameworks */ = {isa = PBXBuildFile; fileRef = B1CD141419598CBC009C1AAB /* CoreGraphics.framework */; };
		B1CD141719598CBC009C1AAB /* UIKit.framework in Frameworks */ = {isa = PBXBuildFile; fileRef = B1CD141619598CBC009C1AAB /* UIKit.framework */; };
		B1CD141D19598CBC009C1AAB /* InfoPlist.strings in Resources */ = {isa = PBXBuildFile; fileRef = B1CD141B19598CBC009C1AAB /* InfoPlist.strings */; };
		B1CD141F19598CBC009C1AAB /* main.m in Sources */ = {isa = PBXBuildFile; fileRef = B1CD141E19598CBC009C1AAB /* main.m */; };
		B1CD142319598CBC009C1AAB /* AppDelegate.m in Sources */ = {isa = PBXBuildFile; fileRef = B1CD142219598CBC009C1AAB /* AppDelegate.m */; };
		B1CD142619598CBC009C1AAB /* Main.storyboard in Resources */ = {isa = PBXBuildFile; fileRef = B1CD142419598CBC009C1AAB /* Main.storyboard */; };
		B1CD142919598CBC009C1AAB /* ViewController.m in Sources */ = {isa = PBXBuildFile; fileRef = B1CD142819598CBC009C1AAB /* ViewController.m */; };
		B1CD142B19598CBC009C1AAB /* Images.xcassets in Resources */ = {isa = PBXBuildFile; fileRef = B1CD142A19598CBC009C1AAB /* Images.xcassets */; };
		B1CD143219598CBC009C1AAB /* XCTest.framework in Frameworks */ = {isa = PBXBuildFile; fileRef = B1CD143119598CBC009C1AAB /* XCTest.framework */; };
		B1CD143319598CBC009C1AAB /* Foundation.framework in Frameworks */ = {isa = PBXBuildFile; fileRef = B1CD141219598CBC009C1AAB /* Foundation.framework */; };
		B1CD143419598CBC009C1AAB /* UIKit.framework in Frameworks */ = {isa = PBXBuildFile; fileRef = B1CD141619598CBC009C1AAB /* UIKit.framework */; };
		B1CD143C19598CBC009C1AAB /* InfoPlist.strings in Resources */ = {isa = PBXBuildFile; fileRef = B1CD143A19598CBC009C1AAB /* InfoPlist.strings */; };
		B1CD143E19598CBC009C1AAB /* thumbnailpickerTests.m in Sources */ = {isa = PBXBuildFile; fileRef = B1CD143D19598CBC009C1AAB /* thumbnailpickerTests.m */; };
		B1CD144919598F75009C1AAB /* Thumbnailpicker.m in Sources */ = {isa = PBXBuildFile; fileRef = B1CD144819598F75009C1AAB /* Thumbnailpicker.m */; };
		B1CD144C19598FFC009C1AAB /* View.m in Sources */ = {isa = PBXBuildFile; fileRef = B1CD144B19598FFC009C1AAB /* View.m */; };
/* End PBXBuildFile section */

/* Begin PBXContainerItemProxy section */
		B1CD143519598CBC009C1AAB /* PBXContainerItemProxy */ = {
			isa = PBXContainerItemProxy;
			containerPortal = B1CD140719598CBC009C1AAB /* Project object */;
			proxyType = 1;
			remoteGlobalIDString = B1CD140E19598CBC009C1AAB;
			remoteInfo = thumbnailpicker;
		};
/* End PBXContainerItemProxy section */

/* Begin PBXFileReference section */
		B1CD140F19598CBC009C1AAB /* thumbnailpicker.app */ = {isa = PBXFileReference; explicitFileType = wrapper.application; includeInIndex = 0; path = thumbnailpicker.app; sourceTree = BUILT_PRODUCTS_DIR; };
		B1CD141219598CBC009C1AAB /* Foundation.framework */ = {isa = PBXFileReference; lastKnownFileType = wrapper.framework; name = Foundation.framework; path = System/Library/Frameworks/Foundation.framework; sourceTree = SDKROOT; };
		B1CD141419598CBC009C1AAB /* CoreGraphics.framework */ = {isa = PBXFileReference; lastKnownFileType = wrapper.framework; name = CoreGraphics.framework; path = System/Library/Frameworks/CoreGraphics.framework; sourceTree = SDKROOT; };
		B1CD141619598CBC009C1AAB /* UIKit.framework */ = {isa = PBXFileReference; lastKnownFileType = wrapper.framework; name = UIKit.framework; path = System/Library/Frameworks/UIKit.framework; sourceTree = SDKROOT; };
		B1CD141A19598CBC009C1AAB /* thumbnailpicker-Info.plist */ = {isa = PBXFileReference; lastKnownFileType = text.plist.xml; path = "thumbnailpicker-Info.plist"; sourceTree = "<group>"; };
		B1CD141C19598CBC009C1AAB /* en */ = {isa = PBXFileReference; lastKnownFileType = text.plist.strings; name = en; path = en.lproj/InfoPlist.strings; sourceTree = "<group>"; };
		B1CD141E19598CBC009C1AAB /* main.m */ = {isa = PBXFileReference; lastKnownFileType = sourcecode.c.objc; path = main.m; sourceTree = "<group>"; };
		B1CD142019598CBC009C1AAB /* thumbnailpicker-Prefix.pch */ = {isa = PBXFileReference; lastKnownFileType = sourcecode.c.h; path = "thumbnailpicker-Prefix.pch"; sourceTree = "<group>"; };
		B1CD142119598CBC009C1AAB /* AppDelegate.h */ = {isa = PBXFileReference; lastKnownFileType = sourcecode.c.h; path = AppDelegate.h; sourceTree = "<group>"; };
		B1CD142219598CBC009C1AAB /* AppDelegate.m */ = {isa = PBXFileReference; lastKnownFileType = sourcecode.c.objc; path = AppDelegate.m; sourceTree = "<group>"; };
		B1CD142519598CBC009C1AAB /* Base */ = {isa = PBXFileReference; lastKnownFileType = file.storyboard; name = Base; path = Base.lproj/Main.storyboard; sourceTree = "<group>"; };
		B1CD142719598CBC009C1AAB /* ViewController.h */ = {isa = PBXFileReference; lastKnownFileType = sourcecode.c.h; path = ViewController.h; sourceTree = "<group>"; };
		B1CD142819598CBC009C1AAB /* ViewController.m */ = {isa = PBXFileReference; lastKnownFileType = sourcecode.c.objc; path = ViewController.m; sourceTree = "<group>"; };
		B1CD142A19598CBC009C1AAB /* Images.xcassets */ = {isa = PBXFileReference; lastKnownFileType = folder.assetcatalog; path = Images.xcassets; sourceTree = "<group>"; };
		B1CD143019598CBC009C1AAB /* thumbnailpickerTests.xctest */ = {isa = PBXFileReference; explicitFileType = wrapper.cfbundle; includeInIndex = 0; path = thumbnailpickerTests.xctest; sourceTree = BUILT_PRODUCTS_DIR; };
		B1CD143119598CBC009C1AAB /* XCTest.framework */ = {isa = PBXFileReference; lastKnownFileType = wrapper.framework; name = XCTest.framework; path = Library/Frameworks/XCTest.framework; sourceTree = DEVELOPER_DIR; };
		B1CD143919598CBC009C1AAB /* thumbnailpickerTests-Info.plist */ = {isa = PBXFileReference; lastKnownFileType = text.plist.xml; path = "thumbnailpickerTests-Info.plist"; sourceTree = "<group>"; };
		B1CD143B19598CBC009C1AAB /* en */ = {isa = PBXFileReference; lastKnownFileType = text.plist.strings; name = en; path = en.lproj/InfoPlist.strings; sourceTree = "<group>"; };
		B1CD143D19598CBC009C1AAB /* thumbnailpickerTests.m */ = {isa = PBXFileReference; lastKnownFileType = sourcecode.c.objc; path = thumbnailpickerTests.m; sourceTree = "<group>"; };
		B1CD144719598F75009C1AAB /* Thumbnailpicker.h */ = {isa = PBXFileReference; fileEncoding = 4; lastKnownFileType = sourcecode.c.h; path = Thumbnailpicker.h; sourceTree = "<group>"; };
		B1CD144819598F75009C1AAB /* Thumbnailpicker.m */ = {isa = PBXFileReference; fileEncoding = 4; lastKnownFileType = sourcecode.c.objc; path = Thumbnailpicker.m; sourceTree = "<group>"; };
		B1CD144A19598FFC009C1AAB /* View.h */ = {isa = PBXFileReference; fileEncoding = 4; lastKnownFileType = sourcecode.c.h; path = View.h; sourceTree = "<group>"; };
		B1CD144B19598FFC009C1AAB /* View.m */ = {isa = PBXFileReference; fileEncoding = 4; lastKnownFileType = sourcecode.c.objc; path = View.m; sourceTree = "<group>"; };
/* End PBXFileReference section */

/* Begin PBXFrameworksBuildPhase section */
		B1CD140C19598CBC009C1AAB /* Frameworks */ = {
			isa = PBXFrameworksBuildPhase;
			buildActionMask = 2147483647;
			files = (
				B1CD141519598CBC009C1AAB /* CoreGraphics.framework in Frameworks */,
				B1CD141719598CBC009C1AAB /* UIKit.framework in Frameworks */,
				B1CD141319598CBC009C1AAB /* Foundation.framework in Frameworks */,
			);
			runOnlyForDeploymentPostprocessing = 0;
		};
		B1CD142D19598CBC009C1AAB /* Frameworks */ = {
			isa = PBXFrameworksBuildPhase;
			buildActionMask = 2147483647;
			files = (
				B1CD143219598CBC009C1AAB /* XCTest.framework in Frameworks */,
				B1CD143419598CBC009C1AAB /* UIKit.framework in Frameworks */,
				B1CD143319598CBC009C1AAB /* Foundation.framework in Frameworks */,
			);
			runOnlyForDeploymentPostprocessing = 0;
		};
/* End PBXFrameworksBuildPhase section */

/* Begin PBXGroup section */
		B1CD140619598CBC009C1AAB = {
			isa = PBXGroup;
			children = (
				B1CD144719598F75009C1AAB /* Thumbnailpicker.h */,
				B1CD144819598F75009C1AAB /* Thumbnailpicker.m */,
				B1CD141819598CBC009C1AAB /* thumbnailpicker */,
				B1CD143719598CBC009C1AAB /* thumbnailpickerTests */,
				B1CD141119598CBC009C1AAB /* Frameworks */,
				B1CD141019598CBC009C1AAB /* Products */,
			);
			sourceTree = "<group>";
		};
		B1CD141019598CBC009C1AAB /* Products */ = {
			isa = PBXGroup;
			children = (
				B1CD140F19598CBC009C1AAB /* thumbnailpicker.app */,
				B1CD143019598CBC009C1AAB /* thumbnailpickerTests.xctest */,
			);
			name = Products;
			sourceTree = "<group>";
		};
		B1CD141119598CBC009C1AAB /* Frameworks */ = {
			isa = PBXGroup;
			children = (
				B1CD141219598CBC009C1AAB /* Foundation.framework */,
				B1CD141419598CBC009C1AAB /* CoreGraphics.framework */,
				B1CD141619598CBC009C1AAB /* UIKit.framework */,
				B1CD143119598CBC009C1AAB /* XCTest.framework */,
			);
			name = Frameworks;
			sourceTree = "<group>";
		};
		B1CD141819598CBC009C1AAB /* thumbnailpicker */ = {
			isa = PBXGroup;
			children = (
				B1CD142119598CBC009C1AAB /* AppDelegate.h */,
				B1CD142219598CBC009C1AAB /* AppDelegate.m */,
				B1CD142419598CBC009C1AAB /* Main.storyboard */,
				B1CD144A19598FFC009C1AAB /* View.h */,
				B1CD144B19598FFC009C1AAB /* View.m */,
				B1CD142719598CBC009C1AAB /* ViewController.h */,
				B1CD142819598CBC009C1AAB /* ViewController.m */,
				B1CD142A19598CBC009C1AAB /* Images.xcassets */,
				B1CD141919598CBC009C1AAB /* Supporting Files */,
			);
			path = thumbnailpicker;
			sourceTree = "<group>";
		};
		B1CD141919598CBC009C1AAB /* Supporting Files */ = {
			isa = PBXGroup;
			children = (
				B1CD141A19598CBC009C1AAB /* thumbnailpicker-Info.plist */,
				B1CD141B19598CBC009C1AAB /* InfoPlist.strings */,
				B1CD141E19598CBC009C1AAB /* main.m */,
				B1CD142019598CBC009C1AAB /* thumbnailpicker-Prefix.pch */,
			);
			name = "Supporting Files";
			sourceTree = "<group>";
		};
		B1CD143719598CBC009C1AAB /* thumbnailpickerTests */ = {
			isa = PBXGroup;
			children = (
				B1CD143D19598CBC009C1AAB /* thumbnailpickerTests.m */,
				B1CD143819598CBC009C1AAB /* Supporting Files */,
			);
			path = thumbnailpickerTests;
			sourceTree = "<group>";
		};
		B1CD143819598CBC009C1AAB /* Supporting Files */ = {
			isa = PBXGroup;
			children = (
				B1CD143919598CBC009C1AAB /* thumbnailpickerTests-Info.plist */,
				B1CD143A19598CBC009C1AAB /* InfoPlist.strings */,
			);
			name = "Supporting Files";
			sourceTree = "<group>";
		};
/* End PBXGroup section */

/* Begin PBXNativeTarget section */
		B1CD140E19598CBC009C1AAB /* thumbnailpicker */ = {
			isa = PBXNativeTarget;
			buildConfigurationList = B1CD144119598CBC009C1AAB /* Build configuration list for PBXNativeTarget "thumbnailpicker" */;
			buildPhases = (
				B1CD140B19598CBC009C1AAB /* Sources */,
				B1CD140C19598CBC009C1AAB /* Frameworks */,
				B1CD140D19598CBC009C1AAB /* Resources */,
			);
			buildRules = (
			);
			dependencies = (
			);
			name = thumbnailpicker;
			productName = thumbnailpicker;
			productReference = B1CD140F19598CBC009C1AAB /* thumbnailpicker.app */;
			productType = "com.apple.product-type.application";
		};
		B1CD142F19598CBC009C1AAB /* thumbnailpickerTests */ = {
			isa = PBXNativeTarget;
			buildConfigurationList = B1CD144419598CBC009C1AAB /* Build configuration list for PBXNativeTarget "thumbnailpickerTests" */;
			buildPhases = (
				B1CD142C19598CBC009C1AAB /* Sources */,
				B1CD142D19598CBC009C1AAB /* Frameworks */,
				B1CD142E19598CBC009C1AAB /* Resources */,
			);
			buildRules = (
			);
			dependencies = (
				B1CD143619598CBC009C1AAB /* PBXTargetDependency */,
			);
			name = thumbnailpickerTests;
			productName = thumbnailpickerTests;
			productReference = B1CD143019598CBC009C1AAB /* thumbnailpickerTests.xctest */;
			productType = "com.apple.product-type.bundle.unit-test";
		};
/* End PBXNativeTarget section */

/* Begin PBXProject section */
		B1CD140719598CBC009C1AAB /* Project object */ = {
			isa = PBXProject;
			attributes = {
				LastUpgradeCheck = 0510;
				ORGANIZATIONNAME = Scroll;
				TargetAttributes = {
					B1CD142F19598CBC009C1AAB = {
						TestTargetID = B1CD140E19598CBC009C1AAB;
					};
				};
			};
			buildConfigurationList = B1CD140A19598CBC009C1AAB /* Build configuration list for PBXProject "thumbnailpicker" */;
			compatibilityVersion = "Xcode 3.2";
			developmentRegion = English;
			hasScannedForEncodings = 0;
			knownRegions = (
				en,
				Base,
			);
			mainGroup = B1CD140619598CBC009C1AAB;
			productRefGroup = B1CD141019598CBC009C1AAB /* Products */;
			projectDirPath = "";
			projectRoot = "";
			targets = (
				B1CD140E19598CBC009C1AAB /* thumbnailpicker */,
				B1CD142F19598CBC009C1AAB /* thumbnailpickerTests */,
			);
		};
/* End PBXProject section */

/* Begin PBXResourcesBuildPhase section */
		B1CD140D19598CBC009C1AAB /* Resources */ = {
			isa = PBXResourcesBuildPhase;
			buildActionMask = 2147483647;
			files = (
				B1CD142B19598CBC009C1AAB /* Images.xcassets in Resources */,
				B1CD141D19598CBC009C1AAB /* InfoPlist.strings in Resources */,
				B1CD142619598CBC009C1AAB /* Main.storyboard in Resources */,
			);
			runOnlyForDeploymentPostprocessing = 0;
		};
		B1CD142E19598CBC009C1AAB /* Resources */ = {
			isa = PBXResourcesBuildPhase;
			buildActionMask = 2147483647;
			files = (
				B1CD143C19598CBC009C1AAB /* InfoPlist.strings in Resources */,
			);
			runOnlyForDeploymentPostprocessing = 0;
		};
/* End PBXResourcesBuildPhase section */

/* Begin PBXSourcesBuildPhase section */
		B1CD140B19598CBC009C1AAB /* Sources */ = {
			isa = PBXSourcesBuildPhase;
			buildActionMask = 2147483647;
			files = (
				B1CD144C19598FFC009C1AAB /* View.m in Sources */,
				B1CD142919598CBC009C1AAB /* ViewController.m in Sources */,
				B1CD142319598CBC009C1AAB /* AppDelegate.m in Sources */,
				B1CD144919598F75009C1AAB /* Thumbnailpicker.m in Sources */,
				B1CD141F19598CBC009C1AAB /* main.m in Sources */,
			);
			runOnlyForDeploymentPostprocessing = 0;
		};
		B1CD142C19598CBC009C1AAB /* Sources */ = {
			isa = PBXSourcesBuildPhase;
			buildActionMask = 2147483647;
			files = (
				B1CD143E19598CBC009C1AAB /* thumbnailpickerTests.m in Sources */,
			);
			runOnlyForDeploymentPostprocessing = 0;
		};
/* End PBXSourcesBuildPhase section */

/* Begin PBXTargetDependency section */
		B1CD143619598CBC009C1AAB /* PBXTargetDependency */ = {
			isa = PBXTargetDependency;
			target = B1CD140E19598CBC009C1AAB /* thumbnailpicker */;
			targetProxy = B1CD143519598CBC009C1AAB /* PBXContainerItemProxy */;
		};
/* End PBXTargetDependency section */

/* Begin PBXVariantGroup section */
		B1CD141B19598CBC009C1AAB /* InfoPlist.strings */ = {
			isa = PBXVariantGroup;
			children = (
				B1CD141C19598CBC009C1AAB /* en */,
			);
			name = InfoPlist.strings;
			sourceTree = "<group>";
		};
		B1CD142419598CBC009C1AAB /* Main.storyboard */ = {
			isa = PBXVariantGroup;
			children = (
				B1CD142519598CBC009C1AAB /* Base */,
			);
			name = Main.storyboard;
			sourceTree = "<group>";
		};
		B1CD143A19598CBC009C1AAB /* InfoPlist.strings */ = {
			isa = PBXVariantGroup;
			children = (
				B1CD143B19598CBC009C1AAB /* en */,
			);
			name = InfoPlist.strings;
			sourceTree = "<group>";
		};
/* End PBXVariantGroup section */

/* Begin XCBuildConfiguration section */
		B1CD143F19598CBC009C1AAB /* Debug */ = {
			isa = XCBuildConfiguration;
			buildSettings = {
				ALWAYS_SEARCH_USER_PATHS = NO;
				CLANG_CXX_LANGUAGE_STANDARD = "gnu++0x";
				CLANG_CXX_LIBRARY = "libc++";
				CLANG_ENABLE_MODULES = YES;
				CLANG_ENABLE_OBJC_ARC = YES;
				CLANG_WARN_BOOL_CONVERSION = YES;
				CLANG_WARN_CONSTANT_CONVERSION = YES;
				CLANG_WARN_DIRECT_OBJC_ISA_USAGE = YES_ERROR;
				CLANG_WARN_EMPTY_BODY = YES;
				CLANG_WARN_ENUM_CONVERSION = YES;
				CLANG_WARN_INT_CONVERSION = YES;
				CLANG_WARN_OBJC_ROOT_CLASS = YES_ERROR;
				CLANG_WARN__DUPLICATE_METHOD_MATCH = YES;
				"CODE_SIGN_IDENTITY[sdk=iphoneos*]" = "iPhone Developer";
				COPY_PHASE_STRIP = NO;
				GCC_C_LANGUAGE_STANDARD = gnu99;
				GCC_DYNAMIC_NO_PIC = NO;
				GCC_OPTIMIZATION_LEVEL = 0;
				GCC_PREPROCESSOR_DEFINITIONS = (
					"DEBUG=1",
					"$(inherited)",
				);
				GCC_SYMBOLS_PRIVATE_EXTERN = NO;
				GCC_WARN_64_TO_32_BIT_CONVERSION = YES;
				GCC_WARN_ABOUT_RETURN_TYPE = YES_ERROR;
				GCC_WARN_UNDECLARED_SELECTOR = YES;
				GCC_WARN_UNINITIALIZED_AUTOS = YES_AGGRESSIVE;
				GCC_WARN_UNUSED_FUNCTION = YES;
				GCC_WARN_UNUSED_VARIABLE = YES;
				IPHONEOS_DEPLOYMENT_TARGET = 7.1;
				ONLY_ACTIVE_ARCH = YES;
				SDKROOT = iphoneos;
				TARGETED_DEVICE_FAMILY = 2;
			};
			name = Debug;
		};
		B1CD144019598CBC009C1AAB /* Release */ = {
			isa = XCBuildConfiguration;
			buildSettings = {
				ALWAYS_SEARCH_USER_PATHS = NO;
				CLANG_CXX_LANGUAGE_STANDARD = "gnu++0x";
				CLANG_CXX_LIBRARY = "libc++";
				CLANG_ENABLE_MODULES = YES;
				CLANG_ENABLE_OBJC_ARC = YES;
				CLANG_WARN_BOOL_CONVERSION = YES;
				CLANG_WARN_CONSTANT_CONVERSION = YES;
				CLANG_WARN_DIRECT_OBJC_ISA_USAGE = YES_ERROR;
				CLANG_WARN_EMPTY_BODY = YES;
				CLANG_WARN_ENUM_CONVERSION = YES;
				CLANG_WARN_INT_CONVERSION = YES;
				CLANG_WARN_OBJC_ROOT_CLASS = YES_ERROR;
				CLANG_WARN__DUPLICATE_METHOD_MATCH = YES;
				"CODE_SIGN_IDENTITY[sdk=iphoneos*]" = "iPhone Developer";
				COPY_PHASE_STRIP = YES;
				ENABLE_NS_ASSERTIONS = NO;
				GCC_C_LANGUAGE_STANDARD = gnu99;
				GCC_WARN_64_TO_32_BIT_CONVERSION = YES;
				GCC_WARN_ABOUT_RETURN_TYPE = YES_ERROR;
				GCC_WARN_UNDECLARED_SELECTOR = YES;
				GCC_WARN_UNINITIALIZED_AUTOS = YES_AGGRESSIVE;
				GCC_WARN_UNUSED_FUNCTION = YES;
				GCC_WARN_UNUSED_VARIABLE = YES;
				IPHONEOS_DEPLOYMENT_TARGET = 7.1;
				SDKROOT = iphoneos;
				TARGETED_DEVICE_FAMILY = 2;
				VALIDATE_PRODUCT = YES;
			};
			name = Release;
		};
		B1CD144219598CBC009C1AAB /* Debug */ = {
			isa = XCBuildConfiguration;
			buildSettings = {
				ASSETCATALOG_COMPILER_APPICON_NAME = AppIcon;
				ASSETCATALOG_COMPILER_LAUNCHIMAGE_NAME = LaunchImage;
				GCC_PRECOMPILE_PREFIX_HEADER = YES;
				GCC_PREFIX_HEADER = "thumbnailpicker/thumbnailpicker-Prefix.pch";
				INFOPLIST_FILE = "thumbnailpicker/thumbnailpicker-Info.plist";
				PRODUCT_NAME = "$(TARGET_NAME)";
				WRAPPER_EXTENSION = app;
			};
			name = Debug;
		};
		B1CD144319598CBC009C1AAB /* Release */ = {
			isa = XCBuildConfiguration;
			buildSettings = {
				ASSETCATALOG_COMPILER_APPICON_NAME = AppIcon;
				ASSETCATALOG_COMPILER_LAUNCHIMAGE_NAME = LaunchImage;
				GCC_PRECOMPILE_PREFIX_HEADER = YES;
				GCC_PREFIX_HEADER = "thumbnailpicker/thumbnailpicker-Prefix.pch";
				INFOPLIST_FILE = "thumbnailpicker/thumbnailpicker-Info.plist";
				PRODUCT_NAME = "$(TARGET_NAME)";
				WRAPPER_EXTENSION = app;
			};
			name = Release;
		};
		B1CD144519598CBC009C1AAB /* Debug */ = {
			isa = XCBuildConfiguration;
			buildSettings = {
				BUNDLE_LOADER = "$(BUILT_PRODUCTS_DIR)/thumbnailpicker.app/thumbnailpicker";
				FRAMEWORK_SEARCH_PATHS = (
					"$(SDKROOT)/Developer/Library/Frameworks",
					"$(inherited)",
					"$(DEVELOPER_FRAMEWORKS_DIR)",
				);
				GCC_PRECOMPILE_PREFIX_HEADER = YES;
				GCC_PREFIX_HEADER = "thumbnailpicker/thumbnailpicker-Prefix.pch";
				GCC_PREPROCESSOR_DEFINITIONS = (
					"DEBUG=1",
					"$(inherited)",
				);
				INFOPLIST_FILE = "thumbnailpickerTests/thumbnailpickerTests-Info.plist";
				PRODUCT_NAME = "$(TARGET_NAME)";
				TEST_HOST = "$(BUNDLE_LOADER)";
				WRAPPER_EXTENSION = xctest;
			};
			name = Debug;
		};
		B1CD144619598CBC009C1AAB /* Release */ = {
			isa = XCBuildConfiguration;
			buildSettings = {
				BUNDLE_LOADER = "$(BUILT_PRODUCTS_DIR)/thumbnailpicker.app/thumbnailpicker";
				FRAMEWORK_SEARCH_PATHS = (
					"$(SDKROOT)/Developer/Library/Frameworks",
					"$(inherited)",
					"$(DEVELOPER_FRAMEWORKS_DIR)",
				);
				GCC_PRECOMPILE_PREFIX_HEADER = YES;
				GCC_PREFIX_HEADER = "thumbnailpicker/thumbnailpicker-Prefix.pch";
				INFOPLIST_FILE = "thumbnailpickerTests/thumbnailpickerTests-Info.plist";
				PRODUCT_NAME = "$(TARGET_NAME)";
				TEST_HOST = "$(BUNDLE_LOADER)";
				WRAPPER_EXTENSION = xctest;
			};
			name = Release;
		};
/* End XCBuildConfiguration section */

/* Begin XCConfigurationList section */
		B1CD140A19598CBC009C1AAB /* Build configuration list for PBXProject "thumbnailpicker" */ = {
			isa = XCConfigurationList;
			buildConfigurations = (
				B1CD143F19598CBC009C1AAB /* Debug */,
				B1CD144019598CBC009C1AAB /* Release */,
			);
			defaultConfigurationIsVisible = 0;
			defaultConfigurationName = Release;
		};
		B1CD144119598CBC009C1AAB /* Build configuration list for PBXNativeTarget "thumbnailpicker" */ = {
			isa = XCConfigurationList;
			buildConfigurations = (
				B1CD144219598CBC009C1AAB /* Debug */,
				B1CD144319598CBC009C1AAB /* Release */,
			);
			defaultConfigurationIsVisible = 0;
			defaultConfigurationName = Release;
		};
		B1CD144419598CBC009C1AAB /* Build configuration list for PBXNativeTarget "thumbnailpickerTests" */ = {
			isa = XCConfigurationList;
			buildConfigurations = (
				B1CD144519598CBC009C1AAB /* Debug */,
				B1CD144619598CBC009C1AAB /* Release */,
			);
			defaultConfigurationIsVisible = 0;
			defaultConfigurationName = Release;
		};
/* End XCConfigurationList section */
	};
	rootObject = B1CD140719598CBC009C1AAB /* Project object */;
}
